
Microsoft Visual Studio Solution File, Format Version 12.00
# Visual Studio Version 17
VisualStudioVersion = 17.8.34330.188
MinimumVisualStudioVersion = 10.0.40219.1
Project("{FAE04EC0-301F-11D3-BF4B-00C04F79EFBC}") = "monitoring-postgre-database", "monitoring-postgre-database\monitoring-postgre-database.csproj", "{DD2EA4E4-9354-426D-B227-C18A948C029A}"
EndProject
Global
	GlobalSection(SolutionConfigurationPlatforms) = preSolution
		Debug|Any CPU = Debug|Any CPU
		Release|Any CPU = Release|Any CPU
	EndGlobalSection
	GlobalSection(ProjectConfigurationPlatforms) = postSolution
		{DD2EA4E4-9354-426D-B227-C18A948C029A}.Debug|Any CPU.ActiveCfg = Debug|Any CPU
		{DD2EA4E4-9354-426D-B227-C18A948C029A}.Debug|Any CPU.Build.0 = Debug|Any CPU
		{DD2EA4E4-9354-426D-B227-C18A948C029A}.Release|Any CPU.ActiveCfg = Release|Any CPU
		{DD2EA4E4-9354-426D-B227-C18A948C029A}.Release|Any CPU.Build.0 = Release|Any CPU
	EndGlobalSection
	GlobalSection(SolutionProperties) = preSolution
		HideSolutionNode = FALSE
	EndGlobalSection
	GlobalSection(ExtensibilityGlobals) = postSolution
		SolutionGuid = {0E322A0D-A298-41FD-9005-1A8972B1B33B}
	EndGlobalSection
EndGlobal
